
Microsoft Visual Studio Solution File, Format Version 12.00
# Visual Studio 15
Project("{FAE04EC0-301F-11D3-BF4B-00C04F79EFBC}") = "UnityEngine.TestRunner", "UnityEngine.TestRunner.csproj", "{EB1468B9-DC2F-B9D5-B299-8DE32C089FB2}"
EndProject
Project("{FAE04EC0-301F-11D3-BF4B-00C04F79EFBC}") = "UnityEngine.UI", "UnityEngine.UI.csproj", "{A3518DC9-7044-4F34-59FA-90D7AD6D6C50}"
EndProject
Project("{FAE04EC0-301F-11D3-BF4B-00C04F79EFBC}") = "com.unity.multiplayer-hlapi.Runtime", "com.unity.multiplayer-hlapi.Runtime.csproj", "{4EF95CBC-6ACD-ED46-64EC-1EA17859CCDA}"
EndProject
Project("{FAE04EC0-301F-11D3-BF4B-00C04F79EFBC}") = "Unity.TextMeshPro", "Unity.TextMeshPro.csproj", "{659CF46C-6AC2-00A2-C27D-9786A821FCEB}"
EndProject
Project("{FAE04EC0-301F-11D3-BF4B-00C04F79EFBC}") = "Unity.Timeline", "Unity.Timeline.csproj", "{5A0C7042-0B9F-70F1-2E67-5EF162571A86}"
EndProject
Project("{FAE04EC0-301F-11D3-BF4B-00C04F79EFBC}") = "UnityEngine.Advertisements", "UnityEngine.Advertisements.csproj", "{FA5449CA-393F-E9F1-C4C0-8CDCCB8C83B2}"
EndProject
Project("{FAE04EC0-301F-11D3-BF4B-00C04F79EFBC}") = "Unity.Analytics.DataPrivacy", "Unity.Analytics.DataPrivacy.csproj", "{F1D6FDFC-1C78-D0BD-2A7C-EB643DA10D88}"
EndProject
Project("{FAE04EC0-301F-11D3-BF4B-00C04F79EFBC}") = "UnityEngine.Monetization", "UnityEngine.Monetization.csproj", "{A7B19FEA-20E0-2546-FBF5-85EDBA808DA5}"
EndProject
Project("{FAE04EC0-301F-11D3-BF4B-00C04F79EFBC}") = "UnityEngine.XR.LegacyInputHelpers", "UnityEngine.XR.LegacyInputHelpers.csproj", "{86580B0B-ECA0-076A-7F90-2EC902B6437F}"
EndProject
Project("{FAE04EC0-301F-11D3-BF4B-00C04F79EFBC}") = "Assembly-CSharp", "Assembly-CSharp.csproj", "{7F00365C-CC44-CC7F-3C7A-088571A33E3B}"
EndProject
Project("{FAE04EC0-301F-11D3-BF4B-00C04F79EFBC}") = "UnityEngine.SpatialTracking", "UnityEngine.SpatialTracking.csproj", "{1FAC4917-161F-DE03-04BF-828637FB7DA0}"
EndProject
Project("{FAE04EC0-301F-11D3-BF4B-00C04F79EFBC}") = "Unity.TextMeshPro.Editor", "Unity.TextMeshPro.Editor.csproj", "{24FE2759-C5A2-65E7-A914-9DF7FF815C0B}"
EndProject
Project("{FAE04EC0-301F-11D3-BF4B-00C04F79EFBC}") = "Unity.Timeline.Editor", "Unity.Timeline.Editor.csproj", "{81D5FED1-9D10-92F8-0192-C2AC2BD7D556}"
EndProject
Project("{FAE04EC0-301F-11D3-BF4B-00C04F79EFBC}") = "UnityEditor.TestRunner", "UnityEditor.TestRunner.csproj", "{99B27E0A-6BF2-EC9D-61E1-B96F7FFD5C5F}"
EndProject
Project("{FAE04EC0-301F-11D3-BF4B-00C04F79EFBC}") = "Unity.2D.Sprite.Editor", "Unity.2D.Sprite.Editor.csproj", "{CC6933D9-B59F-04C6-C2D7-C638D17D3045}"
EndProject
Project("{FAE04EC0-301F-11D3-BF4B-00C04F79EFBC}") = "com.unity.multiplayer-hlapi.Editor", "com.unity.multiplayer-hlapi.Editor.csproj", "{0A1D5D92-196D-8FBB-6F4D-26AEBA2578FC}"
EndProject
Project("{FAE04EC0-301F-11D3-BF4B-00C04F79EFBC}") = "UnityEditor.UI", "UnityEditor.UI.csproj", "{E9CA517F-76F0-612B-949C-ABC96CA66756}"
EndProject
Project("{FAE04EC0-301F-11D3-BF4B-00C04F79EFBC}") = "Unity.Rider.Editor", "Unity.Rider.Editor.csproj", "{8B346E4A-332E-985A-6F83-6FF15664C9E9}"
EndProject
Project("{FAE04EC0-301F-11D3-BF4B-00C04F79EFBC}") = "Unity.2D.Tilemap.Editor", "Unity.2D.Tilemap.Editor.csproj", "{D0442B7F-37DB-8B08-4912-5D203CE9DDB6}"
EndProject
Project("{FAE04EC0-301F-11D3-BF4B-00C04F79EFBC}") = "UnityEditor.XR.LegacyInputHelpers", "UnityEditor.XR.LegacyInputHelpers.csproj", "{C8482C3C-97B3-FB95-AF1B-71EB7C62258C}"
EndProject
Project("{FAE04EC0-301F-11D3-BF4B-00C04F79EFBC}") = "Unity.CollabProxy.Editor", "Unity.CollabProxy.Editor.csproj", "{228BF20B-A62E-67D4-3525-97FCB4390C0A}"
EndProject
Project("{FAE04EC0-301F-11D3-BF4B-00C04F79EFBC}") = "com.unity.multiplayer-weaver.Editor", "com.unity.multiplayer-weaver.Editor.csproj", "{C563D35C-35D1-A84D-D23E-7CCBC79E3314}"
EndProject
Project("{FAE04EC0-301F-11D3-BF4B-00C04F79EFBC}") = "Unity.VSCode.Editor", "Unity.VSCode.Editor.csproj", "{2C12ED60-F542-7383-D7D1-9B35C315D744}"
EndProject
Project("{FAE04EC0-301F-11D3-BF4B-00C04F79EFBC}") = "UnityEditor.SpatialTracking", "UnityEditor.SpatialTracking.csproj", "{3B183306-DF7D-DC72-6294-1F5B34A14637}"
EndProject
Global
	GlobalSection(SolutionConfigurationPlatforms) = preSolution
		Debug|Any CPU = Debug|Any CPU
		Release|Any CPU = Release|Any CPU
	EndGlobalSection
	GlobalSection(ProjectConfigurationPlatforms) = postSolution
		{EB1468B9-DC2F-B9D5-B299-8DE32C089FB2}.Debug|Any CPU.ActiveCfg = Debug|Any CPU
		{EB1468B9-DC2F-B9D5-B299-8DE32C089FB2}.Debug|Any CPU.Build.0 = Debug|Any CPU
		{EB1468B9-DC2F-B9D5-B299-8DE32C089FB2}.Release|Any CPU.ActiveCfg = Release|Any CPU
		{EB1468B9-DC2F-B9D5-B299-8DE32C089FB2}.Release|Any CPU.Build.0 = Release|Any CPU
		{A3518DC9-7044-4F34-59FA-90D7AD6D6C50}.Debug|Any CPU.ActiveCfg = Debug|Any CPU
		{A3518DC9-7044-4F34-59FA-90D7AD6D6C50}.Debug|Any CPU.Build.0 = Debug|Any CPU
		{A3518DC9-7044-4F34-59FA-90D7AD6D6C50}.Release|Any CPU.ActiveCfg = Release|Any CPU
		{A3518DC9-7044-4F34-59FA-90D7AD6D6C50}.Release|Any CPU.Build.0 = Release|Any CPU
		{4EF95CBC-6ACD-ED46-64EC-1EA17859CCDA}.Debug|Any CPU.ActiveCfg = Debug|Any CPU
		{4EF95CBC-6ACD-ED46-64EC-1EA17859CCDA}.Debug|Any CPU.Build.0 = Debug|Any CPU
		{4EF95CBC-6ACD-ED46-64EC-1EA17859CCDA}.Release|Any CPU.ActiveCfg = Release|Any CPU
		{4EF95CBC-6ACD-ED46-64EC-1EA17859CCDA}.Release|Any CPU.Build.0 = Release|Any CPU
		{659CF46C-6AC2-00A2-C27D-9786A821FCEB}.Debug|Any CPU.ActiveCfg = Debug|Any CPU
		{659CF46C-6AC2-00A2-C27D-9786A821FCEB}.Debug|Any CPU.Build.0 = Debug|Any CPU
		{659CF46C-6AC2-00A2-C27D-9786A821FCEB}.Release|Any CPU.ActiveCfg = Release|Any CPU
		{659CF46C-6AC2-00A2-C27D-9786A821FCEB}.Release|Any CPU.Build.0 = Release|Any CPU
		{5A0C7042-0B9F-70F1-2E67-5EF162571A86}.Debug|Any CPU.ActiveCfg = Debug|Any CPU
		{5A0C7042-0B9F-70F1-2E67-5EF162571A86}.Debug|Any CPU.Build.0 = Debug|Any CPU
		{5A0C7042-0B9F-70F1-2E67-5EF162571A86}.Release|Any CPU.ActiveCfg = Release|Any CPU
		{5A0C7042-0B9F-70F1-2E67-5EF162571A86}.Release|Any CPU.Build.0 = Release|Any CPU
		{FA5449CA-393F-E9F1-C4C0-8CDCCB8C83B2}.Debug|Any CPU.ActiveCfg = Debug|Any CPU
		{FA5449CA-393F-E9F1-C4C0-8CDCCB8C83B2}.Debug|Any CPU.Build.0 = Debug|Any CPU
		{FA5449CA-393F-E9F1-C4C0-8CDCCB8C83B2}.Release|Any CPU.ActiveCfg = Release|Any CPU
		{FA5449CA-393F-E9F1-C4C0-8CDCCB8C83B2}.Release|Any CPU.Build.0 = Release|Any CPU
		{F1D6FDFC-1C78-D0BD-2A7C-EB643DA10D88}.Debug|Any CPU.ActiveCfg = Debug|Any CPU
		{F1D6FDFC-1C78-D0BD-2A7C-EB643DA10D88}.Debug|Any CPU.Build.0 = Debug|Any CPU
		{F1D6FDFC-1C78-D0BD-2A7C-EB643DA10D88}.Release|Any CPU.ActiveCfg = Release|Any CPU
		{F1D6FDFC-1C78-D0BD-2A7C-EB643DA10D88}.Release|Any CPU.Build.0 = Release|Any CPU
		{A7B19FEA-20E0-2546-FBF5-85EDBA808DA5}.Debug|Any CPU.ActiveCfg = Debug|Any CPU
		{A7B19FEA-20E0-2546-FBF5-85EDBA808DA5}.Debug|Any CPU.Build.0 = Debug|Any CPU
		{A7B19FEA-20E0-2546-FBF5-85EDBA808DA5}.Release|Any CPU.ActiveCfg = Release|Any CPU
		{A7B19FEA-20E0-2546-FBF5-85EDBA808DA5}.Release|Any CPU.Build.0 = Release|Any CPU
		{86580B0B-ECA0-076A-7F90-2EC902B6437F}.Debug|Any CPU.ActiveCfg = Debug|Any CPU
		{86580B0B-ECA0-076A-7F90-2EC902B6437F}.Debug|Any CPU.Build.0 = Debug|Any CPU
		{86580B0B-ECA0-076A-7F90-2EC902B6437F}.Release|Any CPU.ActiveCfg = Release|Any CPU
		{86580B0B-ECA0-076A-7F90-2EC902B6437F}.Release|Any CPU.Build.0 = Release|Any CPU
		{7F00365C-CC44-CC7F-3C7A-088571A33E3B}.Debug|Any CPU.ActiveCfg = Debug|Any CPU
		{7F00365C-CC44-CC7F-3C7A-088571A33E3B}.Debug|Any CPU.Build.0 = Debug|Any CPU
		{7F00365C-CC44-CC7F-3C7A-088571A33E3B}.Release|Any CPU.ActiveCfg = Release|Any CPU
		{7F00365C-CC44-CC7F-3C7A-088571A33E3B}.Release|Any CPU.Build.0 = Release|Any CPU
		{1FAC4917-161F-DE03-04BF-828637FB7DA0}.Debug|Any CPU.ActiveCfg = Debug|Any CPU
		{1FAC4917-161F-DE03-04BF-828637FB7DA0}.Debug|Any CPU.Build.0 = Debug|Any CPU
		{1FAC4917-161F-DE03-04BF-828637FB7DA0}.Release|Any CPU.ActiveCfg = Release|Any CPU
		{1FAC4917-161F-DE03-04BF-828637FB7DA0}.Release|Any CPU.Build.0 = Release|Any CPU
		{24FE2759-C5A2-65E7-A914-9DF7FF815C0B}.Debug|Any CPU.ActiveCfg = Debug|Any CPU
		{24FE2759-C5A2-65E7-A914-9DF7FF815C0B}.Debug|Any CPU.Build.0 = Debug|Any CPU
		{24FE2759-C5A2-65E7-A914-9DF7FF815C0B}.Release|Any CPU.ActiveCfg = Release|Any CPU
		{24FE2759-C5A2-65E7-A914-9DF7FF815C0B}.Release|Any CPU.Build.0 = Release|Any CPU
		{81D5FED1-9D10-92F8-0192-C2AC2BD7D556}.Debug|Any CPU.ActiveCfg = Debug|Any CPU
		{81D5FED1-9D10-92F8-0192-C2AC2BD7D556}.Debug|Any CPU.Build.0 = Debug|Any CPU
		{81D5FED1-9D10-92F8-0192-C2AC2BD7D556}.Release|Any CPU.ActiveCfg = Release|Any CPU
		{81D5FED1-9D10-92F8-0192-C2AC2BD7D556}.Release|Any CPU.Build.0 = Release|Any CPU
		{99B27E0A-6BF2-EC9D-61E1-B96F7FFD5C5F}.Debug|Any CPU.ActiveCfg = Debug|Any CPU
		{99B27E0A-6BF2-EC9D-61E1-B96F7FFD5C5F}.Debug|Any CPU.Build.0 = Debug|Any CPU
		{99B27E0A-6BF2-EC9D-61E1-B96F7FFD5C5F}.Release|Any CPU.ActiveCfg = Release|Any CPU
		{99B27E0A-6BF2-EC9D-61E1-B96F7FFD5C5F}.Release|Any CPU.Build.0 = Release|Any CPU
		{CC6933D9-B59F-04C6-C2D7-C638D17D3045}.Debug|Any CPU.ActiveCfg = Debug|Any CPU
		{CC6933D9-B59F-04C6-C2D7-C638D17D3045}.Debug|Any CPU.Build.0 = Debug|Any CPU
		{CC6933D9-B59F-04C6-C2D7-C638D17D3045}.Release|Any CPU.ActiveCfg = Release|Any CPU
		{CC6933D9-B59F-04C6-C2D7-C638D17D3045}.Release|Any CPU.Build.0 = Release|Any CPU
		{0A1D5D92-196D-8FBB-6F4D-26AEBA2578FC}.Debug|Any CPU.ActiveCfg = Debug|Any CPU
		{0A1D5D92-196D-8FBB-6F4D-26AEBA2578FC}.Debug|Any CPU.Build.0 = Debug|Any CPU
		{0A1D5D92-196D-8FBB-6F4D-26AEBA2578FC}.Release|Any CPU.ActiveCfg = Release|Any CPU
		{0A1D5D92-196D-8FBB-6F4D-26AEBA2578FC}.Release|Any CPU.Build.0 = Release|Any CPU
		{E9CA517F-76F0-612B-949C-ABC96CA66756}.Debug|Any CPU.ActiveCfg = Debug|Any CPU
		{E9CA517F-76F0-612B-949C-ABC96CA66756}.Debug|Any CPU.Build.0 = Debug|Any CPU
		{E9CA517F-76F0-612B-949C-ABC96CA66756}.Release|Any CPU.ActiveCfg = Release|Any CPU
		{E9CA517F-76F0-612B-949C-ABC96CA66756}.Release|Any CPU.Build.0 = Release|Any CPU
		{8B346E4A-332E-985A-6F83-6FF15664C9E9}.Debug|Any CPU.ActiveCfg = Debug|Any CPU
		{8B346E4A-332E-985A-6F83-6FF15664C9E9}.Debug|Any CPU.Build.0 = Debug|Any CPU
		{8B346E4A-332E-985A-6F83-6FF15664C9E9}.Release|Any CPU.ActiveCfg = Release|Any CPU
		{8B346E4A-332E-985A-6F83-6FF15664C9E9}.Release|Any CPU.Build.0 = Release|Any CPU
		{D0442B7F-37DB-8B08-4912-5D203CE9DDB6}.Debug|Any CPU.ActiveCfg = Debug|Any CPU
		{D0442B7F-37DB-8B08-4912-5D203CE9DDB6}.Debug|Any CPU.Build.0 = Debug|Any CPU
		{D0442B7F-37DB-8B08-4912-5D203CE9DDB6}.Release|Any CPU.ActiveCfg = Release|Any CPU
		{D0442B7F-37DB-8B08-4912-5D203CE9DDB6}.Release|Any CPU.Build.0 = Release|Any CPU
		{C8482C3C-97B3-FB95-AF1B-71EB7C62258C}.Debug|Any CPU.ActiveCfg = Debug|Any CPU
		{C8482C3C-97B3-FB95-AF1B-71EB7C62258C}.Debug|Any CPU.Build.0 = Debug|Any CPU
		{C8482C3C-97B3-FB95-AF1B-71EB7C62258C}.Release|Any CPU.ActiveCfg = Release|Any CPU
		{C8482C3C-97B3-FB95-AF1B-71EB7C62258C}.Release|Any CPU.Build.0 = Release|Any CPU
		{228BF20B-A62E-67D4-3525-97FCB4390C0A}.Debug|Any CPU.ActiveCfg = Debug|Any CPU
		{228BF20B-A62E-67D4-3525-97FCB4390C0A}.Debug|Any CPU.Build.0 = Debug|Any CPU
		{228BF20B-A62E-67D4-3525-97FCB4390C0A}.Release|Any CPU.ActiveCfg = Release|Any CPU
		{228BF20B-A62E-67D4-3525-97FCB4390C0A}.Release|Any CPU.Build.0 = Release|Any CPU
		{C563D35C-35D1-A84D-D23E-7CCBC79E3314}.Debug|Any CPU.ActiveCfg = Debug|Any CPU
		{C563D35C-35D1-A84D-D23E-7CCBC79E3314}.Debug|Any CPU.Build.0 = Debug|Any CPU
		{C563D35C-35D1-A84D-D23E-7CCBC79E3314}.Release|Any CPU.ActiveCfg = Release|Any CPU
		{C563D35C-35D1-A84D-D23E-7CCBC79E3314}.Release|Any CPU.Build.0 = Release|Any CPU
		{2C12ED60-F542-7383-D7D1-9B35C315D744}.Debug|Any CPU.ActiveCfg = Debug|Any CPU
		{2C12ED60-F542-7383-D7D1-9B35C315D744}.Debug|Any CPU.Build.0 = Debug|Any CPU
		{2C12ED60-F542-7383-D7D1-9B35C315D744}.Release|Any CPU.ActiveCfg = Release|Any CPU
		{2C12ED60-F542-7383-D7D1-9B35C315D744}.Release|Any CPU.Build.0 = Release|Any CPU
		{3B183306-DF7D-DC72-6294-1F5B34A14637}.Debug|Any CPU.ActiveCfg = Debug|Any CPU
		{3B183306-DF7D-DC72-6294-1F5B34A14637}.Debug|Any CPU.Build.0 = Debug|Any CPU
		{3B183306-DF7D-DC72-6294-1F5B34A14637}.Release|Any CPU.ActiveCfg = Release|Any CPU
		{3B183306-DF7D-DC72-6294-1F5B34A14637}.Release|Any CPU.Build.0 = Release|Any CPU
	EndGlobalSection
	GlobalSection(SolutionProperties) = preSolution
		HideSolutionNode = FALSE
	EndGlobalSection
EndGlobal
